Microsoft Visual Studio Solution File, Format Version 12.00
# Visual Studio Version 17
VisualStudioVersion = 17.0.31903.59
MinimumVisualStudioVersion = 10.0.40219.1
Project("{FAE04EC0-301F-11D3-BF4B-00C04F79EFBC}") = "Koz.Api", "src\Koz.Api\Koz.Api.csproj", "{1B2E8078-D603-468F-85E6-227A3D42AA01}"
EndProject
Project("{FAE04EC0-301F-11D3-BF4B-00C04F79EFBC}") = "Koz.Application", "src\Koz.Application\Koz.Application.csproj", "{2B2E8078-D603-468F-85E6-227A3D42AA02}"
EndProject
Project("{FAE04EC0-301F-11D3-BF4B-00C04F79EFBC}") = "Koz.Domain", "src\Koz.Domain\Koz.Domain.csproj", "{3B2E8078-D603-468F-85E6-227A3D42AA03}"
EndProject
Project("{FAE04EC0-301F-11D3-BF4B-00C04F79EFBC}") = "Koz.Infrastructure", "src\Koz.Infrastructure\Koz.Infrastructure.csproj", "{4B2E8078-D603-468F-85E6-227A3D42AA04}"
EndProject
Project("{FAE04EC0-301F-11D3-BF4B-00C04F79EFBC}") = "Koz.Api.Tests", "tests\Koz.Api.Tests\Koz.Api.Tests.csproj", "{5B2E8078-D603-468F-85E6-227A3D42AA05}"
EndProject
Project("{FAE04EC0-301F-11D3-BF4B-00C04F79EFBC}") = "Koz.IntegrationTests", "tests\Koz.IntegrationTests\Koz.IntegrationTests.csproj", "{6B2E8078-D603-468F-85E6-227A3D42AA06}"
EndProject
Global
	GlobalSection(SolutionConfigurationPlatforms) = preSolution
		Debug|Any CPU = Debug|Any CPU
		Release|Any CPU = Release|Any CPU
	EndGlobalSection
	GlobalSection(ProjectConfigurationPlatforms) = postSolution
		{1B2E8078-D603-468F-85E6-227A3D42AA01}.Debug|Any CPU.ActiveCfg = Debug|Any CPU
		{1B2E8078-D603-468F-85E6-227A3D42AA01}.Debug|Any CPU.Build.0 = Debug|Any CPU
		{1B2E8078-D603-468F-85E6-227A3D42AA01}.Release|Any CPU.ActiveCfg = Release|Any CPU
		{1B2E8078-D603-468F-85E6-227A3D42AA01}.Release|Any CPU.Build.0 = Release|Any CPU
		{2B2E8078-D603-468F-85E6-227A3D42AA02}.Debug|Any CPU.ActiveCfg = Debug|Any CPU
		{2B2E8078-D603-468F-85E6-227A3D42AA02}.Debug|Any CPU.Build.0 = Debug|Any CPU
		{2B2E8078-D603-468F-85E6-227A3D42AA02}.Release|Any CPU.ActiveCfg = Release|Any CPU
		{2B2E8078-D603-468F-85E6-227A3D42AA02}.Release|Any CPU.Build.0 = Release|Any CPU
		{3B2E8078-D603-468F-85E6-227A3D42AA03}.Debug|Any CPU.ActiveCfg = Debug|Any CPU
		{3B2E8078-D603-468F-85E6-227A3D42AA03}.Debug|Any CPU.Build.0 = Debug|Any CPU
		{3B2E8078-D603-468F-85E6-227A3D42AA03}.Release|Any CPU.ActiveCfg = Release|Any CPU
		{3B2E8078-D603-468F-85E6-227A3D42AA03}.Release|Any CPU.Build.0 = Release|Any CPU
		{4B2E8078-D603-468F-85E6-227A3D42AA04}.Debug|Any CPU.ActiveCfg = Debug|Any CPU
		{4B2E8078-D603-468F-85E6-227A3D42AA04}.Debug|Any CPU.Build.0 = Debug|Any CPU
		{4B2E8078-D603-468F-85E6-227A3D42AA04}.Release|Any CPU.ActiveCfg = Release|Any CPU
		{4B2E8078-D603-468F-85E6-227A3D42AA04}.Release|Any CPU.Build.0 = Release|Any CPU
		{5B2E8078-D603-468F-85E6-227A3D42AA05}.Debug|Any CPU.ActiveCfg = Debug|Any CPU
		{5B2E8078-D603-468F-85E6-227A3D42AA05}.Debug|Any CPU.Build.0 = Debug|Any CPU
		{5B2E8078-D603-468F-85E6-227A3D42AA05}.Release|Any CPU.ActiveCfg = Release|Any CPU
		{5B2E8078-D603-468F-85E6-227A3D42AA05}.Release|Any CPU.Build.0 = Release|Any CPU
		{6B2E8078-D603-468F-85E6-227A3D42AA06}.Debug|Any CPU.ActiveCfg = Debug|Any CPU
		{6B2E8078-D603-468F-85E6-227A3D42AA06}.Debug|Any CPU.Build.0 = Debug|Any CPU
		{6B2E8078-D603-468F-85E6-227A3D42AA06}.Release|Any CPU.ActiveCfg = Release|Any CPU
		{6B2E8078-D603-468F-85E6-227A3D42AA06}.Release|Any CPU.Build.0 = Release|Any CPU
	EndGlobalSection
EndGlobal
